// !$*UTF8*$!
{
	archiveVersion = 1;
	classes = {
	};
	objectVersion = 52;
	objects = {

/* Begin PBXBuildFile section */
		A33901A526E8A6E300885337 /* RealmData.swift in Sources */ = {isa = PBXBuildFile; fileRef = A33901A426E8A6E300885337 /* RealmData.swift */; };
		A33901A726F0785D00885337 /* SubcategoriesViewController.swift in Sources */ = {isa = PBXBuildFile; fileRef = A33901A626F0785D00885337 /* SubcategoriesViewController.swift */; };
		A33901A926F07C8700885337 /* SubcategoriesTableViewCell.swift in Sources */ = {isa = PBXBuildFile; fileRef = A33901A826F07C8700885337 /* SubcategoriesTableViewCell.swift */; };
		A347944026E2518E00768E30 /* RealmSwift.framework in Frameworks */ = {isa = PBXBuildFile; fileRef = A347943E26E2518E00768E30 /* RealmSwift.framework */; };
		A347944126E2518E00768E30 /* RealmSwift.framework in Embed Frameworks */ = {isa = PBXBuildFile; fileRef = A347943E26E2518E00768E30 /* RealmSwift.framework */; settings = {ATTRIBUTES = (CodeSignOnCopy, RemoveHeadersOnCopy, ); }; };
		A347944226E2518E00768E30 /* Realm.framework in Frameworks */ = {isa = PBXBuildFile; fileRef = A347943F26E2518E00768E30 /* Realm.framework */; };
		A347944326E2518E00768E30 /* Realm.framework in Embed Frameworks */ = {isa = PBXBuildFile; fileRef = A347943F26E2518E00768E30 /* Realm.framework */; settings = {ATTRIBUTES = (CodeSignOnCopy, RemoveHeadersOnCopy, ); }; };
		A347944626E2582300768E30 /* CategoriesTableViewCell.swift in Sources */ = {isa = PBXBuildFile; fileRef = A347944526E2582300768E30 /* CategoriesTableViewCell.swift */; };
		A347944826E25A3500768E30 /* DataLoader.swift in Sources */ = {isa = PBXBuildFile; fileRef = A347944726E25A3500768E30 /* DataLoader.swift */; };
		A347944A26E25A9B00768E30 /* DataCodable.swift in Sources */ = {isa = PBXBuildFile; fileRef = A347944926E25A9B00768E30 /* DataCodable.swift */; };
		A379A8E727255E9D00D2E6AF /* Alamofire.xcframework in Frameworks */ = {isa = PBXBuildFile; fileRef = A347943A26E2518000768E30 /* Alamofire.xcframework */; };
		A379A8E827255E9D00D2E6AF /* Alamofire.xcframework in Embed Frameworks */ = {isa = PBXBuildFile; fileRef = A347943A26E2518000768E30 /* Alamofire.xcframework */; settings = {ATTRIBUTES = (CodeSignOnCopy, RemoveHeadersOnCopy, ); }; };
		A394173C2725525500CC06FF /* ProductListViewController.swift in Sources */ = {isa = PBXBuildFile; fileRef = A394173B2725525500CC06FF /* ProductListViewController.swift */; };
		A3CA6A4D26C130CB00B10882 /* AppDelegate.swift in Sources */ = {isa = PBXBuildFile; fileRef = A3CA6A4C26C130CB00B10882 /* AppDelegate.swift */; };
		A3CA6A4F26C130CB00B10882 /* SceneDelegate.swift in Sources */ = {isa = PBXBuildFile; fileRef = A3CA6A4E26C130CB00B10882 /* SceneDelegate.swift */; };
		A3CA6A5126C130CB00B10882 /* ViewController.swift in Sources */ = {isa = PBXBuildFile; fileRef = A3CA6A5026C130CB00B10882 /* ViewController.swift */; };
		A3CA6A5426C130CB00B10882 /* Main.storyboard in Resources */ = {isa = PBXBuildFile; fileRef = A3CA6A5226C130CB00B10882 /* Main.storyboard */; };
		A3CA6A5626C130CD00B10882 /* Assets.xcassets in Resources */ = {isa = PBXBuildFile; fileRef = A3CA6A5526C130CD00B10882 /* Assets.xcassets */; };
		A3CA6A5926C130CD00B10882 /* LaunchScreen.storyboard in Resources */ = {isa = PBXBuildFile; fileRef = A3CA6A5726C130CD00B10882 /* LaunchScreen.storyboard */; };
/* End PBXBuildFile section */

/* Begin PBXCopyFilesBuildPhase section */
		A347943D26E2518000768E30 /* Embed Frameworks */ = {
			isa = PBXCopyFilesBuildPhase;
			buildActionMask = 2147483647;
			dstPath = "";
			dstSubfolderSpec = 10;
			files = (
				A379A8E827255E9D00D2E6AF /* Alamofire.xcframework in Embed Frameworks */,
				A347944326E2518E00768E30 /* Realm.framework in Embed Frameworks */,
				A347944126E2518E00768E30 /* RealmSwift.framework in Embed Frameworks */,
			);
			name = "Embed Frameworks";
			runOnlyForDeploymentPostprocessing = 0;
		};
/* End PBXCopyFilesBuildPhase section */

/* Begin PBXFileReference section */
		A33901A426E8A6E300885337 /* RealmData.swift */ = {isa = PBXFileReference; lastKnownFileType = sourcecode.swift; path = RealmData.swift; sourceTree = "<group>"; };
		A33901A626F0785D00885337 /* SubcategoriesViewController.swift */ = {isa = PBXFileReference; lastKnownFileType = sourcecode.swift; path = SubcategoriesViewController.swift; sourceTree = "<group>"; };
		A33901A826F07C8700885337 /* SubcategoriesTableViewCell.swift */ = {isa = PBXFileReference; lastKnownFileType = sourcecode.swift; path = SubcategoriesTableViewCell.swift; sourceTree = "<group>"; };
		A347943A26E2518000768E30 /* Alamofire.xcframework */ = {isa = PBXFileReference; lastKnownFileType = wrapper.xcframework; name = Alamofire.xcframework; path = Carthage/Build/Alamofire.xcframework; sourceTree = "<group>"; };
		A347943E26E2518E00768E30 /* RealmSwift.framework */ = {isa = PBXFileReference; lastKnownFileType = wrapper.framework; name = RealmSwift.framework; path = Carthage/Build/iOS/RealmSwift.framework; sourceTree = "<group>"; };
		A347943F26E2518E00768E30 /* Realm.framework */ = {isa = PBXFileReference; lastKnownFileType = wrapper.framework; name = Realm.framework; path = Carthage/Build/iOS/Realm.framework; sourceTree = "<group>"; };
		A347944526E2582300768E30 /* CategoriesTableViewCell.swift */ = {isa = PBXFileReference; lastKnownFileType = sourcecode.swift; path = CategoriesTableViewCell.swift; sourceTree = "<group>"; };
		A347944726E25A3500768E30 /* DataLoader.swift */ = {isa = PBXFileReference; lastKnownFileType = sourcecode.swift; path = DataLoader.swift; sourceTree = "<group>"; };
		A347944926E25A9B00768E30 /* DataCodable.swift */ = {isa = PBXFileReference; lastKnownFileType = sourcecode.swift; path = DataCodable.swift; sourceTree = "<group>"; };
		A394173B2725525500CC06FF /* ProductListViewController.swift */ = {isa = PBXFileReference; lastKnownFileType = sourcecode.swift; path = ProductListViewController.swift; sourceTree = "<group>"; };
		A3CA6A4926C130CB00B10882 /* blackstarWear.app */ = {isa = PBXFileReference; explicitFileType = wrapper.application; includeInIndex = 0; path = blackstarWear.app; sourceTree = BUILT_PRODUCTS_DIR; };
		A3CA6A4C26C130CB00B10882 /* AppDelegate.swift */ = {isa = PBXFileReference; lastKnownFileType = sourcecode.swift; path = AppDelegate.swift; sourceTree = "<group>"; };
		A3CA6A4E26C130CB00B10882 /* SceneDelegate.swift */ = {isa = PBXFileReference; lastKnownFileType = sourcecode.swift; path = SceneDelegate.swift; sourceTree = "<group>"; };
		A3CA6A5026C130CB00B10882 /* ViewController.swift */ = {isa = PBXFileReference; lastKnownFileType = sourcecode.swift; path = ViewController.swift; sourceTree = "<group>"; };
		A3CA6A5326C130CB00B10882 /* Base */ = {isa = PBXFileReference; lastKnownFileType = file.storyboard; name = Base; path = Base.lproj/Main.storyboard; sourceTree = "<group>"; };
		A3CA6A5526C130CD00B10882 /* Assets.xcassets */ = {isa = PBXFileReference; lastKnownFileType = folder.assetcatalog; path = Assets.xcassets; sourceTree = "<group>"; };
		A3CA6A5826C130CD00B10882 /* Base */ = {isa = PBXFileReference; lastKnownFileType = file.storyboard; name = Base; path = Base.lproj/LaunchScreen.storyboard; sourceTree = "<group>"; };
		A3CA6A5A26C130CD00B10882 /* Info.plist */ = {isa = PBXFileReference; lastKnownFileType = text.plist.xml; path = Info.plist; sourceTree = "<group>"; };
/* End PBXFileReference section */

/* Begin PBXFrameworksBuildPhase section */
		A3CA6A4626C130CB00B10882 /* Frameworks */ = {
			isa = PBXFrameworksBuildPhase;
			buildActionMask = 2147483647;
			files = (
				A379A8E727255E9D00D2E6AF /* Alamofire.xcframework in Frameworks */,
				A347944226E2518E00768E30 /* Realm.framework in Frameworks */,
				A347944026E2518E00768E30 /* RealmSwift.framework in Frameworks */,
			);
			runOnlyForDeploymentPostprocessing = 0;
		};
/* End PBXFrameworksBuildPhase section */

/* Begin PBXGroup section */
		A347943926E2518000768E30 /* Frameworks */ = {
			isa = PBXGroup;
			children = (
				A347943F26E2518E00768E30 /* Realm.framework */,
				A347943E26E2518E00768E30 /* RealmSwift.framework */,
				A347943A26E2518000768E30 /* Alamofire.xcframework */,
			);
			name = Frameworks;
			sourceTree = "<group>";
		};
		A3CA6A4026C130CB00B10882 = {
			isa = PBXGroup;
			children = (
				A33901A426E8A6E300885337 /* RealmData.swift */,
				A3CA6A4B26C130CB00B10882 /* blackstarWear */,
				A3CA6A4A26C130CB00B10882 /* Products */,
				A347943926E2518000768E30 /* Frameworks */,
			);
			sourceTree = "<group>";
		};
		A3CA6A4A26C130CB00B10882 /* Products */ = {
			isa = PBXGroup;
			children = (
				A3CA6A4926C130CB00B10882 /* blackstarWear.app */,
			);
			name = Products;
			sourceTree = "<group>";
		};
		A3CA6A4B26C130CB00B10882 /* blackstarWear */ = {
			isa = PBXGroup;
			children = (
				A3CA6A4C26C130CB00B10882 /* AppDelegate.swift */,
				A3CA6A4E26C130CB00B10882 /* SceneDelegate.swift */,
				A3CA6A5026C130CB00B10882 /* ViewController.swift */,
				A347944526E2582300768E30 /* CategoriesTableViewCell.swift */,
				A33901A826F07C8700885337 /* SubcategoriesTableViewCell.swift */,
				A33901A626F0785D00885337 /* SubcategoriesViewController.swift */,
				A394173B2725525500CC06FF /* ProductListViewController.swift */,
				A3CA6A5226C130CB00B10882 /* Main.storyboard */,
				A347944726E25A3500768E30 /* DataLoader.swift */,
				A347944926E25A9B00768E30 /* DataCodable.swift */,
				A3CA6A5526C130CD00B10882 /* Assets.xcassets */,
				A3CA6A5726C130CD00B10882 /* LaunchScreen.storyboard */,
				A3CA6A5A26C130CD00B10882 /* Info.plist */,
			);
			path = blackstarWear;
			sourceTree = "<group>";
		};
/* End PBXGroup section */

/* Begin PBXNativeTarget section */
		A3CA6A4826C130CB00B10882 /* blackstarWear */ = {
			isa = PBXNativeTarget;
			buildConfigurationList = A3CA6A5D26C130CD00B10882 /* Build configuration list for PBXNativeTarget "blackstarWear" */;
			buildPhases = (
				A3CA6A4526C130CB00B10882 /* Sources */,
				A3CA6A4626C130CB00B10882 /* Frameworks */,
				A3CA6A4726C130CB00B10882 /* Resources */,
				A347943D26E2518000768E30 /* Embed Frameworks */,
				A347944426E251EF00768E30 /* ShellScript */,
			);
			buildRules = (
			);
			dependencies = (
			);
			name = blackstarWear;
			productName = blackstarWear;
			productReference = A3CA6A4926C130CB00B10882 /* blackstarWear.app */;
			productType = "com.apple.product-type.application";
		};
/* End PBXNativeTarget section */

/* Begin PBXProject section */
		A3CA6A4126C130CB00B10882 /* Project object */ = {
			isa = PBXProject;
			attributes = {
				LastSwiftUpdateCheck = 1250;
				LastUpgradeCheck = 1250;
				TargetAttributes = {
					A3CA6A4826C130CB00B10882 = {
						CreatedOnToolsVersion = 12.5.1;
					};
				};
			};
			buildConfigurationList = A3CA6A4426C130CB00B10882 /* Build configuration list for PBXProject "blackstarWear" */;
			compatibilityVersion = "Xcode 9.3";
			developmentRegion = en;
			hasScannedForEncodings = 0;
			knownRegions = (
				en,
				Base,
			);
			mainGroup = A3CA6A4026C130CB00B10882;
			productRefGroup = A3CA6A4A26C130CB00B10882 /* Products */;
			projectDirPath = "";
			projectRoot = "";
			targets = (
				A3CA6A4826C130CB00B10882 /* blackstarWear */,
			);
		};
/* End PBXProject section */

/* Begin PBXResourcesBuildPhase section */
		A3CA6A4726C130CB00B10882 /* Resources */ = {
			isa = PBXResourcesBuildPhase;
			buildActionMask = 2147483647;
			files = (
				A3CA6A5926C130CD00B10882 /* LaunchScreen.storyboard in Resources */,
				A3CA6A5626C130CD00B10882 /* Assets.xcassets in Resources */,
				A3CA6A5426C130CB00B10882 /* Main.storyboard in Resources */,
			);
			runOnlyForDeploymentPostprocessing = 0;
		};
/* End PBXResourcesBuildPhase section */

/* Begin PBXShellScriptBuildPhase section */
		A347944426E251EF00768E30 /* ShellScript */ = {
			isa = PBXShellScriptBuildPhase;
			buildActionMask = 2147483647;
			files = (
			);
			inputFileListPaths = (
			);
			inputPaths = (
				"$(SRCROOT)/Carthage/Build/iOS/Realm.framework",
				"$(SRCROOT)/Carthage/Build/iOS/RealmSwift.framework",
			);
			outputFileListPaths = (
			);
			outputPaths = (
			);
			runOnlyForDeploymentPostprocessing = 0;
			shellPath = /bin/sh;
			shellScript = "/usr/local/bin/carthage copy-frameworks\n";
		};
/* End PBXShellScriptBuildPhase section */

/* Begin PBXSourcesBuildPhase section */
		A3CA6A4526C130CB00B10882 /* Sources */ = {
			isa = PBXSourcesBuildPhase;
			buildActionMask = 2147483647;
			files = (
				A3CA6A5126C130CB00B10882 /* ViewController.swift in Sources */,
				A33901A726F0785D00885337 /* SubcategoriesViewController.swift in Sources */,
				A394173C2725525500CC06FF /* ProductListViewController.swift in Sources */,
				A347944626E2582300768E30 /* CategoriesTableViewCell.swift in Sources */,
				A347944A26E25A9B00768E30 /* DataCodable.swift in Sources */,
				A347944826E25A3500768E30 /* DataLoader.swift in Sources */,
				A33901A526E8A6E300885337 /* RealmData.swift in Sources */,
				A3CA6A4D26C130CB00B10882 /* AppDelegate.swift in Sources */,
				A3CA6A4F26C130CB00B10882 /* SceneDelegate.swift in Sources */,
				A33901A926F07C8700885337 /* SubcategoriesTableViewCell.swift in Sources */,
			);
			runOnlyForDeploymentPostprocessing = 0;
		};
/* End PBXSourcesBuildPhase section */

/* Begin PBXVariantGroup section */
		A3CA6A5226C130CB00B10882 /* Main.storyboard */ = {
			isa = PBXVariantGroup;
			children = (
				A3CA6A5326C130CB00B10882 /* Base */,
			);
			name = Main.storyboard;
			sourceTree = "<group>";
		};
		A3CA6A5726C130CD00B10882 /* LaunchScreen.storyboard */ = {
			isa = PBXVariantGroup;
			children = (
				A3CA6A5826C130CD00B10882 /* Base */,
			);
			name = LaunchScreen.storyboard;
			sourceTree = "<group>";
		};
/* End PBXVariantGroup section */

/* Begin XCBuildConfiguration section */
		A3CA6A5B26C130CD00B10882 /* Debug */ = {
			isa = XCBuildConfiguration;
			buildSettings = {
				ALWAYS_SEARCH_USER_PATHS = NO;
				CLANG_ANALYZER_NONNULL = YES;
				CLANG_ANALYZER_NUMBER_OBJECT_CONVERSION = YES_AGGRESSIVE;
				CLANG_CXX_LANGUAGE_STANDARD = "gnu++14";
				CLANG_CXX_LIBRARY = "libc++";
				CLANG_ENABLE_MODULES = YES;
				CLANG_ENABLE_OBJC_ARC = YES;
				CLANG_ENABLE_OBJC_WEAK = YES;
				CLANG_WARN_BLOCK_CAPTURE_AUTORELEASING = YES;
				CLANG_WARN_BOOL_CONVERSION = YES;
				CLANG_WARN_COMMA = YES;
				CLANG_WARN_CONSTANT_CONVERSION = YES;
				CLANG_WARN_DEPRECATED_OBJC_IMPLEMENTATIONS = YES;
				CLANG_WARN_DIRECT_OBJC_ISA_USAGE = YES_ERROR;
				CLANG_WARN_DOCUMENTATION_COMMENTS = YES;
				CLANG_WARN_EMPTY_BODY = YES;
				CLANG_WARN_ENUM_CONVERSION = YES;
				CLANG_WARN_INFINITE_RECURSION = YES;
				CLANG_WARN_INT_CONVERSION = YES;
				CLANG_WARN_NON_LITERAL_NULL_CONVERSION = YES;
				CLANG_WARN_OBJC_IMPLICIT_RETAIN_SELF = YES;
				CLANG_WARN_OBJC_LITERAL_CONVERSION = YES;
				CLANG_WARN_OBJC_ROOT_CLASS = YES_ERROR;
				CLANG_WARN_QUOTED_INCLUDE_IN_FRAMEWORK_HEADER = YES;
				CLANG_WARN_RANGE_LOOP_ANALYSIS = YES;
				CLANG_WARN_STRICT_PROTOTYPES = YES;
				CLANG_WARN_SUSPICIOUS_MOVE = YES;
				CLANG_WARN_UNGUARDED_AVAILABILITY = YES_AGGRESSIVE;
				CLANG_WARN_UNREACHABLE_CODE = YES;
				CLANG_WARN__DUPLICATE_METHOD_MATCH = YES;
				COPY_PHASE_STRIP = NO;
				DEBUG_INFORMATION_FORMAT = dwarf;
				ENABLE_STRICT_OBJC_MSGSEND = YES;
				ENABLE_TESTABILITY = YES;
				GCC_C_LANGUAGE_STANDARD = gnu11;
				GCC_DYNAMIC_NO_PIC = NO;
				GCC_NO_COMMON_BLOCKS = YES;
				GCC_OPTIMIZATION_LEVEL = 0;
				GCC_PREPROCESSOR_DEFINITIONS = (
					"DEBUG=1",
					"$(inherited)",
				);
				GCC_WARN_64_TO_32_BIT_CONVERSION = YES;
				GCC_WARN_ABOUT_RETURN_TYPE = YES_ERROR;
				GCC_WARN_UNDECLARED_SELECTOR = YES;
				GCC_WARN_UNINITIALIZED_AUTOS = YES_AGGRESSIVE;
				GCC_WARN_UNUSED_FUNCTION = YES;
				GCC_WARN_UNUSED_VARIABLE = YES;
				IPHONEOS_DEPLOYMENT_TARGET = 14.5;
				MTL_ENABLE_DEBUG_INFO = INCLUDE_SOURCE;
				MTL_FAST_MATH = YES;
				ONLY_ACTIVE_ARCH = YES;
				SDKROOT = iphoneos;
				SWIFT_ACTIVE_COMPILATION_CONDITIONS = DEBUG;
				SWIFT_OPTIMIZATION_LEVEL = "-Onone";
			};
			name = Debug;
		};
		A3CA6A5C26C130CD00B10882 /* Release */ = {
			isa = XCBuildConfiguration;
			buildSettings = {
				ALWAYS_SEARCH_USER_PATHS = NO;
				CLANG_ANALYZER_NONNULL = YES;
				CLANG_ANALYZER_NUMBER_OBJECT_CONVERSION = YES_AGGRESSIVE;
				CLANG_CXX_LANGUAGE_STANDARD = "gnu++14";
				CLANG_CXX_LIBRARY = "libc++";
				CLANG_ENABLE_MODULES = YES;
				CLANG_ENABLE_OBJC_ARC = YES;
				CLANG_ENABLE_OBJC_WEAK = YES;
				CLANG_WARN_BLOCK_CAPTURE_AUTORELEASING = YES;
				CLANG_WARN_BOOL_CONVERSION = YES;
				CLANG_WARN_COMMA = YES;
				CLANG_WARN_CONSTANT_CONVERSION = YES;
				CLANG_WARN_DEPRECATED_OBJC_IMPLEMENTATIONS = YES;
				CLANG_WARN_DIRECT_OBJC_ISA_USAGE = YES_ERROR;
				CLANG_WARN_DOCUMENTATION_COMMENTS = YES;
				CLANG_WARN_EMPTY_BODY = YES;
				CLANG_WARN_ENUM_CONVERSION = YES;
				CLANG_WARN_INFINITE_RECURSION = YES;
				CLANG_WARN_INT_CONVERSION = YES;
				CLANG_WARN_NON_LITERAL_NULL_CONVERSION = YES;
				CLANG_WARN_OBJC_IMPLICIT_RETAIN_SELF = YES;
				CLANG_WARN_OBJC_LITERAL_CONVERSION = YES;
				CLANG_WARN_OBJC_ROOT_CLASS = YES_ERROR;
				CLANG_WARN_QUOTED_INCLUDE_IN_FRAMEWORK_HEADER = YES;
				CLANG_WARN_RANGE_LOOP_ANALYSIS = YES;
				CLANG_WARN_STRICT_PROTOTYPES = YES;
				CLANG_WARN_SUSPICIOUS_MOVE = YES;
				CLANG_WARN_UNGUARDED_AVAILABILITY = YES_AGGRESSIVE;
				CLANG_WARN_UNREACHABLE_CODE = YES;
				CLANG_WARN__DUPLICATE_METHOD_MATCH = YES;
				COPY_PHASE_STRIP = NO;
				DEBUG_INFORMATION_FORMAT = "dwarf-with-dsym";
				ENABLE_NS_ASSERTIONS = NO;
				ENABLE_STRICT_OBJC_MSGSEND = YES;
				GCC_C_LANGUAGE_STANDARD = gnu11;
				GCC_NO_COMMON_BLOCKS = YES;
				GCC_WARN_64_TO_32_BIT_CONVERSION = YES;
				GCC_WARN_ABOUT_RETURN_TYPE = YES_ERROR;
				GCC_WARN_UNDECLARED_SELECTOR = YES;
				GCC_WARN_UNINITIALIZED_AUTOS = YES_AGGRESSIVE;
				GCC_WARN_UNUSED_FUNCTION = YES;
				GCC_WARN_UNUSED_VARIABLE = YES;
				IPHONEOS_DEPLOYMENT_TARGET = 14.5;
				MTL_ENABLE_DEBUG_INFO = NO;
				MTL_FAST_MATH = YES;
				SDKROOT = iphoneos;
				SWIFT_COMPILATION_MODE = wholemodule;
				SWIFT_OPTIMIZATION_LEVEL = "-O";
				VALIDATE_PRODUCT = YES;
			};
			name = Release;
		};
		A3CA6A5E26C130CD00B10882 /* Debug */ = {
			isa = XCBuildConfiguration;
			buildSettings = {
				ASSETCATALOG_COMPILER_APPICON_NAME = AppIcon;
				ASSETCATALOG_COMPILER_GLOBAL_ACCENT_COLOR_NAME = AccentColor;
				BUILD_LIBRARY_FOR_DISTRIBUTION = NO;
				CODE_SIGN_STYLE = Automatic;
				DEVELOPMENT_TEAM = 29PA55RT68;
				"EXCLUDED_ARCHS[sdk=iphonesimulator*]" = arm64;
				FRAMEWORK_SEARCH_PATHS = (
					"$(inherited)",
					"$(PROJECT_DIR)/Carthage/Build/iOS",
				);
				INFOPLIST_FILE = blackstarWear/Info.plist;
				LD_RUNPATH_SEARCH_PATHS = (
					"$(inherited)",
					"@executable_path/Frameworks",
				);
				PRODUCT_BUNDLE_IDENTIFIER = ios.blackstarWear;
				PRODUCT_NAME = "$(TARGET_NAME)";
				SWIFT_VERSION = 5.0;
				TARGETED_DEVICE_FAMILY = "1,2";
				VALIDATE_WORKSPACE = YES;
			};
			name = Debug;
		};
		A3CA6A5F26C130CD00B10882 /* Release */ = {
			isa = XCBuildConfiguration;
			buildSettings = {
				ASSETCATALOG_COMPILER_APPICON_NAME = AppIcon;
				ASSETCATALOG_COMPILER_GLOBAL_ACCENT_COLOR_NAME = AccentColor;
				BUILD_LIBRARY_FOR_DISTRIBUTION = NO;
				CODE_SIGN_STYLE = Automatic;
				DEVELOPMENT_TEAM = 29PA55RT68;
				"EXCLUDED_ARCHS[sdk=iphonesimulator*]" = arm64;
				FRAMEWORK_SEARCH_PATHS = (
					"$(inherited)",
					"$(PROJECT_DIR)/Carthage/Build/iOS",
				);
				INFOPLIST_FILE = blackstarWear/Info.plist;
				LD_RUNPATH_SEARCH_PATHS = (
					"$(inherited)",
					"@executable_path/Frameworks",
				);
				PRODUCT_BUNDLE_IDENTIFIER = ios.blackstarWear;
				PRODUCT_NAME = "$(TARGET_NAME)";
				SWIFT_VERSION = 5.0;
				TARGETED_DEVICE_FAMILY = "1,2";
				VALIDATE_WORKSPACE = YES;
			};
			name = Release;
		};
/* End XCBuildConfiguration section */

/* Begin XCConfigurationList section */
		A3CA6A4426C130CB00B10882 /* Build configuration list for PBXProject "blackstarWear" */ = {
			isa = XCConfigurationList;
			buildConfigurations = (
				A3CA6A5B26C130CD00B10882 /* Debug */,
				A3CA6A5C26C130CD00B10882 /* Release */,
			);
			defaultConfigurationIsVisible = 0;
			defaultConfigurationName = Release;
		};
		A3CA6A5D26C130CD00B10882 /* Build configuration list for PBXNativeTarget "blackstarWear" */ = {
			isa = XCConfigurationList;
			buildConfigurations = (
				A3CA6A5E26C130CD00B10882 /* Debug */,
				A3CA6A5F26C130CD00B10882 /* Release */,
			);
			defaultConfigurationIsVisible = 0;
			defaultConfigurationName = Release;
		};
/* End XCConfigurationList section */
	};
	rootObject = A3CA6A4126C130CB00B10882 /* Project object */;
}
